
Microsoft Visual Studio Solution File, Format Version 12.00
# Visual Studio Version 16
VisualStudioVersion = 16.0.30114.105
MinimumVisualStudioVersion = 10.0.40219.1
Project("{2150E333-8FDC-42A3-9474-1A3956D46DE8}") = "src", "src", "{1FF6681D-3968-464A-B660-3F70398C2048}"
EndProject
Project("{FAE04EC0-301F-11D3-BF4B-00C04F79EFBC}") = "QueueService", "src\QueueService\QueueService.csproj", "{ECD81EB7-43BA-4C10-A337-EC0610529B0B}"
EndProject
Project("{FAE04EC0-301F-11D3-BF4B-00C04F79EFBC}") = "TopicExchange", "src\TopicExchange\TopicExchange.csproj", "{EDD3682D-E47B-40D3-9975-16A9B86B96FB}"
EndProject
Project("{FAE04EC0-301F-11D3-BF4B-00C04F79EFBC}") = "Consumer", "src\Consumer\Consumer.csproj", "{037F05F1-9C23-408D-9718-FE3AA2F502C5}"
EndProject
Project("{FAE04EC0-301F-11D3-BF4B-00C04F79EFBC}") = "DirectExchange", "src\DirectExchange\DirectExchange.csproj", "{637D369C-34AA-410F-B146-14D3D8C47C42}"
EndProject
Global
	GlobalSection(SolutionConfigurationPlatforms) = preSolution
		Debug|Any CPU = Debug|Any CPU
		Release|Any CPU = Release|Any CPU
	EndGlobalSection
	GlobalSection(SolutionProperties) = preSolution
		HideSolutionNode = FALSE
	EndGlobalSection
	GlobalSection(ProjectConfigurationPlatforms) = postSolution
		{ECD81EB7-43BA-4C10-A337-EC0610529B0B}.Debug|Any CPU.ActiveCfg = Debug|Any CPU
		{ECD81EB7-43BA-4C10-A337-EC0610529B0B}.Debug|Any CPU.Build.0 = Debug|Any CPU
		{ECD81EB7-43BA-4C10-A337-EC0610529B0B}.Release|Any CPU.ActiveCfg = Release|Any CPU
		{ECD81EB7-43BA-4C10-A337-EC0610529B0B}.Release|Any CPU.Build.0 = Release|Any CPU
		{EDD3682D-E47B-40D3-9975-16A9B86B96FB}.Debug|Any CPU.ActiveCfg = Debug|Any CPU
		{EDD3682D-E47B-40D3-9975-16A9B86B96FB}.Debug|Any CPU.Build.0 = Debug|Any CPU
		{EDD3682D-E47B-40D3-9975-16A9B86B96FB}.Release|Any CPU.ActiveCfg = Release|Any CPU
		{EDD3682D-E47B-40D3-9975-16A9B86B96FB}.Release|Any CPU.Build.0 = Release|Any CPU
		{037F05F1-9C23-408D-9718-FE3AA2F502C5}.Debug|Any CPU.ActiveCfg = Debug|Any CPU
		{037F05F1-9C23-408D-9718-FE3AA2F502C5}.Debug|Any CPU.Build.0 = Debug|Any CPU
		{037F05F1-9C23-408D-9718-FE3AA2F502C5}.Release|Any CPU.ActiveCfg = Release|Any CPU
		{037F05F1-9C23-408D-9718-FE3AA2F502C5}.Release|Any CPU.Build.0 = Release|Any CPU
		{637D369C-34AA-410F-B146-14D3D8C47C42}.Debug|Any CPU.ActiveCfg = Debug|Any CPU
		{637D369C-34AA-410F-B146-14D3D8C47C42}.Debug|Any CPU.Build.0 = Debug|Any CPU
		{637D369C-34AA-410F-B146-14D3D8C47C42}.Release|Any CPU.ActiveCfg = Release|Any CPU
		{637D369C-34AA-410F-B146-14D3D8C47C42}.Release|Any CPU.Build.0 = Release|Any CPU
	EndGlobalSection
	GlobalSection(NestedProjects) = preSolution
		{EDD3682D-E47B-40D3-9975-16A9B86B96FB} = {1FF6681D-3968-464A-B660-3F70398C2048}
		{ECD81EB7-43BA-4C10-A337-EC0610529B0B} = {1FF6681D-3968-464A-B660-3F70398C2048}
		{037F05F1-9C23-408D-9718-FE3AA2F502C5} = {1FF6681D-3968-464A-B660-3F70398C2048}
		{637D369C-34AA-410F-B146-14D3D8C47C42} = {1FF6681D-3968-464A-B660-3F70398C2048}
	EndGlobalSection
EndGlobal
